Microsoft Visual Studio Solution File, Format Version 12.00
# Visual Studio Version 17
VisualStudioVersion = 17.5.2.0
MinimumVisualStudioVersion = 10.0.40219.1
Project("{FAE04EC0-301F-11D3-BF4B-00C04F79EFBC}") = "snowUtils", "snowUtils.csproj", "{4856F40D-0606-595B-20DA-B845B2419E8A}"
EndProject
Global
	GlobalSection(SolutionConfigurationPlatforms) = preSolution
		Debug|Any CPU = Debug|Any CPU
		Release|Any CPU = Release|Any CPU
	EndGlobalSection
	GlobalSection(ProjectConfigurationPlatforms) = postSolution
		{4856F40D-0606-595B-20DA-B845B2419E8A}.Debug|Any CPU.ActiveCfg = Debug|Any CPU
		{4856F40D-0606-595B-20DA-B845B2419E8A}.Debug|Any CPU.Build.0 = Debug|Any CPU
		{4856F40D-0606-595B-20DA-B845B2419E8A}.Release|Any CPU.ActiveCfg = Release|Any CPU
		{4856F40D-0606-595B-20DA-B845B2419E8A}.Release|Any CPU.Build.0 = Release|Any CPU
	EndGlobalSection
	GlobalSection(SolutionProperties) = preSolution
		HideSolutionNode = FALSE
	EndGlobalSection
	GlobalSection(ExtensibilityGlobals) = postSolution
		SolutionGuid = {3FB441FF-D905-4798-8939-817102189507}
	EndGlobalSection
EndGlobal
